
Microsoft Visual Studio Solution File, Format Version 12.00
# Visual Studio Version 17
VisualStudioVersion = 17.5.002.0
MinimumVisualStudioVersion = 10.0.40219.1
Project("{9A19103F-16F7-4668-BE54-9A1E7A4F7556}") = "TodoListApp", "TodoListApp.csproj", "{B9E8F0FA-518F-4BCF-8F25-78099A788609}"
EndProject
Global
	GlobalSection(SolutionConfigurationPlatforms) = preSolution
		Debug|Any CPU = Debug|Any CPU
		Release|Any CPU = Release|Any CPU
	EndGlobalSection
	GlobalSection(ProjectConfigurationPlatforms) = postSolution
		{B9E8F0FA-518F-4BCF-8F25-78099A788609}.Debug|Any CPU.ActiveCfg = Debug|Any CPU
		{B9E8F0FA-518F-4BCF-8F25-78099A788609}.Debug|Any CPU.Build.0 = Debug|Any CPU
		{B9E8F0FA-518F-4BCF-8F25-78099A788609}.Release|Any CPU.ActiveCfg = Release|Any CPU
		{B9E8F0FA-518F-4BCF-8F25-78099A788609}.Release|Any CPU.Build.0 = Release|Any CPU
	EndGlobalSection
	GlobalSection(SolutionProperties) = preSolution
		HideSolutionNode = FALSE
	EndGlobalSection
	GlobalSection(ExtensibilityGlobals) = postSolution
		SolutionGuid = {B4469DDD-1414-43D7-8A06-A5DD07E3181C}
	EndGlobalSection
EndGlobal
